// !$*UTF8*$!
{
	archiveVersion = 1;
	classes = {
	};
	objectVersion = 46;
	objects = {

/* Begin PBXBuildFile section */
		29BEEC451ED320820057C0B6 /* AppDelegate.swift in Sources */ = {isa = PBXBuildFile; fileRef = 29BEEC441ED320820057C0B6 /* AppDelegate.swift */; };
		29BEEC471ED320820057C0B6 /* ViewController.swift in Sources */ = {isa = PBXBuildFile; fileRef = 29BEEC461ED320820057C0B6 /* ViewController.swift */; };
		29BEEC4A1ED320820057C0B6 /* Main.storyboard in Resources */ = {isa = PBXBuildFile; fileRef = 29BEEC481ED320820057C0B6 /* Main.storyboard */; };
		29BEEC4C1ED320820057C0B6 /* Assets.xcassets in Resources */ = {isa = PBXBuildFile; fileRef = 29BEEC4B1ED320820057C0B6 /* Assets.xcassets */; };
		29BEEC4F1ED320820057C0B6 /* LaunchScreen.storyboard in Resources */ = {isa = PBXBuildFile; fileRef = 29BEEC4D1ED320820057C0B6 /* LaunchScreen.storyboard */; };
		29BEEC5A1ED320830057C0B6 /* SwiftTestTests.swift in Sources */ = {isa = PBXBuildFile; fileRef = 29BEEC591ED320830057C0B6 /* SwiftTestTests.swift */; };
/* End PBXBuildFile section */

/* Begin PBXContainerItemProxy section */
		29BEEC561ED320830057C0B6 /* PBXContainerItemProxy */ = {
			isa = PBXContainerItemProxy;
			containerPortal = 29BEEC391ED320820057C0B6 /* Project object */;
			proxyType = 1;
			remoteGlobalIDString = 29BEEC401ED320820057C0B6;
			remoteInfo = SwiftTest;
		};
/* End PBXContainerItemProxy section */

/* Begin PBXFileReference section */
		29BEEC411ED320820057C0B6 /* SwiftTest.app */ = {isa = PBXFileReference; explicitFileType = wrapper.application; includeInIndex = 0; path = SwiftTest.app; sourceTree = BUILT_PRODUCTS_DIR; };
		29BEEC441ED320820057C0B6 /* AppDelegate.swift */ = {isa = PBXFileReference; lastKnownFileType = sourcecode.swift; path = AppDelegate.swift; sourceTree = "<group>"; };
		29BEEC461ED320820057C0B6 /* ViewController.swift */ = {isa = PBXFileReference; lastKnownFileType = sourcecode.swift; path = ViewController.swift; sourceTree = "<group>"; };
		29BEEC491ED320820057C0B6 /* Base */ = {isa = PBXFileReference; lastKnownFileType = file.storyboard; name = Base; path = Base.lproj/Main.storyboard; sourceTree = "<group>"; };
		29BEEC4B1ED320820057C0B6 /* Assets.xcassets */ = {isa = PBXFileReference; lastKnownFileType = folder.assetcatalog; path = Assets.xcassets; sourceTree = "<group>"; };
		29BEEC4E1ED320820057C0B6 /* Base */ = {isa = PBXFileReference; lastKnownFileType = file.storyboard; name = Base; path = Base.lproj/LaunchScreen.storyboard; sourceTree = "<group>"; };
		29BEEC501ED320820057C0B6 /* Info.plist */ = {isa = PBXFileReference; lastKnownFileType = text.plist.xml; path = Info.plist; sourceTree = "<group>"; };
		29BEEC551ED320830057C0B6 /* SwiftTestTests.xctest */ = {isa = PBXFileReference; explicitFileType = wrapper.cfbundle; includeInIndex = 0; path = SwiftTestTests.xctest; sourceTree = BUILT_PRODUCTS_DIR; };
		29BEEC591ED320830057C0B6 /* SwiftTestTests.swift */ = {isa = PBXFileReference; lastKnownFileType = sourcecode.swift; path = SwiftTestTests.swift; sourceTree = "<group>"; };
		29BEEC5B1ED320830057C0B6 /* Info.plist */ = {isa = PBXFileReference; lastKnownFileType = text.plist.xml; path = Info.plist; sourceTree = "<group>"; };
/* End PBXFileReference section */

/* Begin PBXFrameworksBuildPhase section */
		29BEEC3E1ED320820057C0B6 /* Frameworks */ = {
			isa = PBXFrameworksBuildPhase;
			buildActionMask = 2147483647;
			files = (
			);
			runOnlyForDeploymentPostprocessing = 0;
		};
		29BEEC521ED320830057C0B6 /* Frameworks */ = {
			isa = PBXFrameworksBuildPhase;
			buildActionMask = 2147483647;
			files = (
			);
			runOnlyForDeploymentPostprocessing = 0;
		};
/* End PBXFrameworksBuildPhase section */

/* Begin PBXGroup section */
		29BEEC381ED320820057C0B6 = {
			isa = PBXGroup;
			children = (
				29BEEC431ED320820057C0B6 /* SwiftTest */,
				29BEEC581ED320830057C0B6 /* SwiftTestTests */,
				29BEEC421ED320820057C0B6 /* Products */,
			);
			sourceTree = "<group>";
		};
		29BEEC421ED320820057C0B6 /* Products */ = {
			isa = PBXGroup;
			children = (
				29BEEC411ED320820057C0B6 /* SwiftTest.app */,
				29BEEC551ED320830057C0B6 /* SwiftTestTests.xctest */,
			);
			name = Products;
			sourceTree = "<group>";
		};
		29BEEC431ED320820057C0B6 /* SwiftTest */ = {
			isa = PBXGroup;
			children = (
				29BEEC441ED320820057C0B6 /* AppDelegate.swift */,
				29BEEC461ED320820057C0B6 /* ViewController.swift */,
				29BEEC481ED320820057C0B6 /* Main.storyboard */,
				29BEEC4B1ED320820057C0B6 /* Assets.xcassets */,
				29BEEC4D1ED320820057C0B6 /* LaunchScreen.storyboard */,
				29BEEC501ED320820057C0B6 /* Info.plist */,
			);
			path = SwiftTest;
			sourceTree = "<group>";
		};
		29BEEC581ED320830057C0B6 /* SwiftTestTests */ = {
			isa = PBXGroup;
			children = (
				29BEEC591ED320830057C0B6 /* SwiftTestTests.swift */,
				29BEEC5B1ED320830057C0B6 /* Info.plist */,
			);
			path = SwiftTestTests;
			sourceTree = "<group>";
		};
/* End PBXGroup section */

/* Begin PBXNativeTarget section */
		29BEEC401ED320820057C0B6 /* SwiftTest */ = {
			isa = PBXNativeTarget;
			buildConfigurationList = 29BEEC5E1ED320830057C0B6 /* Build configuration list for PBXNativeTarget "SwiftTest" */;
			buildPhases = (
				29BEEC3D1ED320820057C0B6 /* Sources */,
				29BEEC3E1ED320820057C0B6 /* Frameworks */,
				29BEEC3F1ED320820057C0B6 /* Resources */,
			);
			buildRules = (
			);
			dependencies = (
			);
			name = SwiftTest;
			productName = SwiftTest;
			productReference = 29BEEC411ED320820057C0B6 /* SwiftTest.app */;
			productType = "com.apple.product-type.application";
		};
		29BEEC541ED320830057C0B6 /* SwiftTestTests */ = {
			isa = PBXNativeTarget;
			buildConfigurationList = 29BEEC611ED320830057C0B6 /* Build configuration list for PBXNativeTarget "SwiftTestTests" */;
			buildPhases = (
				29BEEC511ED320830057C0B6 /* Sources */,
				29BEEC521ED320830057C0B6 /* Frameworks */,
				29BEEC531ED320830057C0B6 /* Resources */,
			);
			buildRules = (
			);
			dependencies = (
				29BEEC571ED320830057C0B6 /* PBXTargetDependency */,
			);
			name = SwiftTestTests;
			productName = SwiftTestTests;
			productReference = 29BEEC551ED320830057C0B6 /* SwiftTestTests.xctest */;
			productType = "com.apple.product-type.bundle.unit-test";
		};
/* End PBXNativeTarget section */

/* Begin PBXProject section */
		29BEEC391ED320820057C0B6 /* Project object */ = {
			isa = PBXProject;
			attributes = {
				LastSwiftUpdateCheck = 0830;
				LastUpgradeCheck = 0830;
				ORGANIZATIONNAME = OHSEUNGWOOK;
				TargetAttributes = {
					29BEEC401ED320820057C0B6 = {
						CreatedOnToolsVersion = 8.3.2;
						DevelopmentTeam = SJ6ACKH5BF;
						ProvisioningStyle = Automatic;
					};
					29BEEC541ED320830057C0B6 = {
						CreatedOnToolsVersion = 8.3.2;
						DevelopmentTeam = SJ6ACKH5BF;
						ProvisioningStyle = Automatic;
						TestTargetID = 29BEEC401ED320820057C0B6;
					};
				};
			};
			buildConfigurationList = 29BEEC3C1ED320820057C0B6 /* Build configuration list for PBXProject "SwiftTest" */;
			compatibilityVersion = "Xcode 3.2";
			developmentRegion = English;
			hasScannedForEncodings = 0;
			knownRegions = (
				en,
				Base,
			);
			mainGroup = 29BEEC381ED320820057C0B6;
			productRefGroup = 29BEEC421ED320820057C0B6 /* Products */;
			projectDirPath = "";
			projectRoot = "";
			targets = (
				29BEEC401ED320820057C0B6 /* SwiftTest */,
				29BEEC541ED320830057C0B6 /* SwiftTestTests */,
			);
		};
/* End PBXProject section */

/* Begin PBXResourcesBuildPhase section */
		29BEEC3F1ED320820057C0B6 /* Resources */ = {
			isa = PBXResourcesBuildPhase;
			buildActionMask = 2147483647;
			files = (
				29BEEC4F1ED320820057C0B6 /* LaunchScreen.storyboard in Resources */,
				29BEEC4C1ED320820057C0B6 /* Assets.xcassets in Resources */,
				29BEEC4A1ED320820057C0B6 /* Main.storyboard in Resources */,
			);
			runOnlyForDeploymentPostprocessing = 0;
		};
		29BEEC531ED320830057C0B6 /* Resources */ = {
			isa = PBXResourcesBuildPhase;
			buildActionMask = 2147483647;
			files = (
			);
			runOnlyForDeploymentPostprocessing = 0;
		};
/* End PBXResourcesBuildPhase section */

/* Begin PBXSourcesBuildPhase section */
		29BEEC3D1ED320820057C0B6 /* Sources */ = {
			isa = PBXSourcesBuildPhase;
			buildActionMask = 2147483647;
			files = (
				29BEEC471ED320820057C0B6 /* ViewController.swift in Sources */,
				29BEEC451ED320820057C0B6 /* AppDelegate.swift in Sources */,
			);
			runOnlyForDeploymentPostprocessing = 0;
		};
		29BEEC511ED320830057C0B6 /* Sources */ = {
			isa = PBXSourcesBuildPhase;
			buildActionMask = 2147483647;
			files = (
				29BEEC5A1ED320830057C0B6 /* SwiftTestTests.swift in Sources */,
			);
			runOnlyForDeploymentPostprocessing = 0;
		};
/* End PBXSourcesBuildPhase section */

/* Begin PBXTargetDependency section */
		29BEEC571ED320830057C0B6 /* PBXTargetDependency */ = {
			isa = PBXTargetDependency;
			target = 29BEEC401ED320820057C0B6 /* SwiftTest */;
			targetProxy = 29BEEC561ED320830057C0B6 /* PBXContainerItemProxy */;
		};
/* End PBXTargetDependency section */

/* Begin PBXVariantGroup section */
		29BEEC481ED320820057C0B6 /* Main.storyboard */ = {
			isa = PBXVariantGroup;
			children = (
				29BEEC491ED320820057C0B6 /* Base */,
			);
			name = Main.storyboard;
			sourceTree = "<group>";
		};
		29BEEC4D1ED320820057C0B6 /* LaunchScreen.storyboard */ = {
			isa = PBXVariantGroup;
			children = (
				29BEEC4E1ED320820057C0B6 /* Base */,
			);
			name = LaunchScreen.storyboard;
			sourceTree = "<group>";
		};
/* End PBXVariantGroup section */

/* Begin XCBuildConfiguration section */
		29BEEC5C1ED320830057C0B6 /* Debug */ = {
			isa = XCBuildConfiguration;
			buildSettings = {
				ALWAYS_SEARCH_USER_PATHS = NO;
				CLANG_ANALYZER_NONNULL = YES;
				CLANG_ANALYZER_NUMBER_OBJECT_CONVERSION = YES_AGGRESSIVE;
				CLANG_CXX_LANGUAGE_STANDARD = "gnu++0x";
				CLANG_CXX_LIBRARY = "libc++";
				CLANG_ENABLE_MODULES = YES;
				CLANG_ENABLE_OBJC_ARC = YES;
				CLANG_WARN_BOOL_CONVERSION = YES;
				CLANG_WARN_CONSTANT_CONVERSION = YES;
				CLANG_WARN_DIRECT_OBJC_ISA_USAGE = YES_ERROR;
				CLANG_WARN_DOCUMENTATION_COMMENTS = YES;
				CLANG_WARN_EMPTY_BODY = YES;
				CLANG_WARN_ENUM_CONVERSION = YES;
				CLANG_WARN_INFINITE_RECURSION = YES;
				CLANG_WARN_INT_CONVERSION = YES;
				CLANG_WARN_OBJC_ROOT_CLASS = YES_ERROR;
				CLANG_WARN_SUSPICIOUS_MOVE = YES;
				CLANG_WARN_UNREACHABLE_CODE = YES;
				CLANG_WARN__DUPLICATE_METHOD_MATCH = YES;
				"CODE_SIGN_IDENTITY[sdk=iphoneos*]" = "iPhone Developer";
				COPY_PHASE_STRIP = NO;
				DEBUG_INFORMATION_FORMAT = dwarf;
				ENABLE_STRICT_OBJC_MSGSEND = YES;
				ENABLE_TESTABILITY = YES;
				GCC_C_LANGUAGE_STANDARD = gnu99;
				GCC_DYNAMIC_NO_PIC = NO;
				GCC_NO_COMMON_BLOCKS = YES;
				GCC_OPTIMIZATION_LEVEL = 0;
				GCC_PREPROCESSOR_DEFINITIONS = (
					"DEBUG=1",
					"$(inherited)",
				);
				GCC_WARN_64_TO_32_BIT_CONVERSION = YES;
				GCC_WARN_ABOUT_RETURN_TYPE = YES_ERROR;
				GCC_WARN_UNDECLARED_SELECTOR = YES;
				GCC_WARN_UNINITIALIZED_AUTOS = YES_AGGRESSIVE;
				GCC_WARN_UNUSED_FUNCTION = YES;
				GCC_WARN_UNUSED_VARIABLE = YES;
				IPHONEOS_DEPLOYMENT_TARGET = 10.3;
				MTL_ENABLE_DEBUG_INFO = YES;
				ONLY_ACTIVE_ARCH = YES;
				SDKROOT = iphoneos;
				SWIFT_ACTIVE_COMPILATION_CONDITIONS = DEBUG;
				SWIFT_OPTIMIZATION_LEVEL = "-Onone";
				TARGETED_DEVICE_FAMILY = "1,2";
			};
			name = Debug;
		};
		29BEEC5D1ED320830057C0B6 /* Release */ = {
			isa = XCBuildConfiguration;
			buildSettings = {
				ALWAYS_SEARCH_USER_PATHS = NO;
				CLANG_ANALYZER_NONNULL = YES;
				CLANG_ANALYZER_NUMBER_OBJECT_CONVERSION = YES_AGGRESSIVE;
				CLANG_CXX_LANGUAGE_STANDARD = "gnu++0x";
				CLANG_CXX_LIBRARY = "libc++";
				CLANG_ENABLE_MODULES = YES;
				CLANG_ENABLE_OBJC_ARC = YES;
				CLANG_WARN_BOOL_CONVERSION = YES;
				CLANG_WARN_CONSTANT_CONVERSION = YES;
				CLANG_WARN_DIRECT_OBJC_ISA_USAGE = YES_ERROR;
				CLANG_WARN_DOCUMENTATION_COMMENTS = YES;
				CLANG_WARN_EMPTY_BODY = YES;
				CLANG_WARN_ENUM_CONVERSION = YES;
				CLANG_WARN_INFINITE_RECURSION = YES;
				CLANG_WARN_INT_CONVERSION = YES;
				CLANG_WARN_OBJC_ROOT_CLASS = YES_ERROR;
				CLANG_WARN_SUSPICIOUS_MOVE = YES;
				CLANG_WARN_UNREACHABLE_CODE = YES;
				CLANG_WARN__DUPLICATE_METHOD_MATCH = YES;
				"CODE_SIGN_IDENTITY[sdk=iphoneos*]" = "iPhone Developer";
				COPY_PHASE_STRIP = NO;
				DEBUG_INFORMATION_FORMAT = "dwarf-with-dsym";
				ENABLE_NS_ASSERTIONS = NO;
				ENABLE_STRICT_OBJC_MSGSEND = YES;
				GCC_C_LANGUAGE_STANDARD = gnu99;
				GCC_NO_COMMON_BLOCKS = YES;
				GCC_WARN_64_TO_32_BIT_CONVERSION = YES;
				GCC_WARN_ABOUT_RETURN_TYPE = YES_ERROR;
				GCC_WARN_UNDECLARED_SELECTOR = YES;
				GCC_WARN_UNINITIALIZED_AUTOS = YES_AGGRESSIVE;
				GCC_WARN_UNUSED_FUNCTION = YES;
				GCC_WARN_UNUSED_VARIABLE = YES;
				IPHONEOS_DEPLOYMENT_TARGET = 10.3;
				MTL_ENABLE_DEBUG_INFO = NO;
				SDKROOT = iphoneos;
				SWIFT_OPTIMIZATION_LEVEL = "-Owholemodule";
				TARGETED_DEVICE_FAMILY = "1,2";
				VALIDATE_PRODUCT = YES;
			};
			name = Release;
		};
		29BEEC5F1ED320830057C0B6 /* Debug */ = {
			isa = XCBuildConfiguration;
			buildSettings = {
				ASSETCATALOG_COMPILER_APPICON_NAME = AppIcon;
				DEVELOPMENT_TEAM = SJ6ACKH5BF;
				INFOPLIST_FILE = SwiftTest/Info.plist;
				LD_RUNPATH_SEARCH_PATHS = "$(inherited) @executable_path/Frameworks";
				PRODUCT_BUNDLE_IDENTIFIER = com.ohsw.SwiftTest;
				PRODUCT_NAME = "$(TARGET_NAME)";
				SWIFT_VERSION = 3.0;
			};
			name = Debug;
		};
		29BEEC601ED320830057C0B6 /* Release */ = {
			isa = XCBuildConfiguration;
			buildSettings = {
				ASSETCATALOG_COMPILER_APPICON_NAME = AppIcon;
				DEVELOPMENT_TEAM = SJ6ACKH5BF;
				INFOPLIST_FILE = SwiftTest/Info.plist;
				LD_RUNPATH_SEARCH_PATHS = "$(inherited) @executable_path/Frameworks";
				PRODUCT_BUNDLE_IDENTIFIER = com.ohsw.SwiftTest;
				PRODUCT_NAME = "$(TARGET_NAME)";
				SWIFT_VERSION = 3.0;
			};
			name = Release;
		};
		29BEEC621ED320830057C0B6 /* Debug */ = {
			isa = XCBuildConfiguration;
			buildSettings = {
				ALWAYS_EMBED_SWIFT_STANDARD_LIBRARIES = YES;
				BUNDLE_LOADER = "$(TEST_HOST)";
				DEVELOPMENT_TEAM = SJ6ACKH5BF;
				INFOPLIST_FILE = SwiftTestTests/Info.plist;
				LD_RUNPATH_SEARCH_PATHS = "$(inherited) @executable_path/Frameworks @loader_path/Frameworks";
				PRODUCT_BUNDLE_IDENTIFIER = com.ohsw.SwiftTestTests;
				PRODUCT_NAME = "$(TARGET_NAME)";
				SWIFT_VERSION = 3.0;
				TEST_HOST = "$(BUILT_PRODUCTS_DIR)/SwiftTest.app/SwiftTest";
			};
			name = Debug;
		};
		29BEEC631ED320830057C0B6 /* Release */ = {
			isa = XCBuildConfiguration;
			buildSettings = {
				ALWAYS_EMBED_SWIFT_STANDARD_LIBRARIES = YES;
				BUNDLE_LOADER = "$(TEST_HOST)";
				DEVELOPMENT_TEAM = SJ6ACKH5BF;
				INFOPLIST_FILE = SwiftTestTests/Info.plist;
				LD_RUNPATH_SEARCH_PATHS = "$(inherited) @executable_path/Frameworks @loader_path/Frameworks";
				PRODUCT_BUNDLE_IDENTIFIER = com.ohsw.SwiftTestTests;
				PRODUCT_NAME = "$(TARGET_NAME)";
				SWIFT_VERSION = 3.0;
				TEST_HOST = "$(BUILT_PRODUCTS_DIR)/SwiftTest.app/SwiftTest";
			};
			name = Release;
		};
/* End XCBuildConfiguration section */

/* Begin XCConfigurationList section */
		29BEEC3C1ED320820057C0B6 /* Build configuration list for PBXProject "SwiftTest" */ = {
			isa = XCConfigurationList;
			buildConfigurations = (
				29BEEC5C1ED320830057C0B6 /* Debug */,
				29BEEC5D1ED320830057C0B6 /* Release */,
			);
			defaultConfigurationIsVisible = 0;
			defaultConfigurationName = Release;
		};
		29BEEC5E1ED320830057C0B6 /* Build configuration list for PBXNativeTarget "SwiftTest" */ = {
			isa = XCConfigurationList;
			buildConfigurations = (
				29BEEC5F1ED320830057C0B6 /* Debug */,
				29BEEC601ED320830057C0B6 /* Release */,
			);
			defaultConfigurationIsVisible = 0;
		};
		29BEEC611ED320830057C0B6 /* Build configuration list for PBXNativeTarget "SwiftTestTests" */ = {
			isa = XCConfigurationList;
			buildConfigurations = (
				29BEEC621ED320830057C0B6 /* Debug */,
				29BEEC631ED320830057C0B6 /* Release */,
			);
			defaultConfigurationIsVisible = 0;
		};
/* End XCConfigurationList section */
	};
	rootObject = 29BEEC391ED320820057C0B6 /* Project object */;
}
